
Microsoft Visual Studio Solution File, Format Version 12.00
# Visual Studio 15
VisualStudioVersion = 15.0.27130.2020
MinimumVisualStudioVersion = 10.0.40219.1
Project("{FAE04EC0-301F-11D3-BF4B-00C04F79EFBC}") = "xdt-transforms", ".\xdt-transforms.csproj", "{5E562949-EDD6-406F-93D4-55C522587BD9}"
EndProject
Global
	GlobalSection(SolutionConfigurationPlatforms) = preSolution
		Debug|Any CPU = Debug|Any CPU
		Release|Any CPU = Release|Any CPU
	EndGlobalSection
	GlobalSection(ProjectConfigurationPlatforms) = postSolution
		{F86853AB-8827-43F9-9A84-7BB1AC8DB1CA}.Debug|Any CPU.ActiveCfg = Debug|Any CPU
		{F86853AB-8827-43F9-9A84-7BB1AC8DB1CA}.Debug|Any CPU.Build.0 = Debug|Any CPU
		{F86853AB-8827-43F9-9A84-7BB1AC8DB1CA}.Release|Any CPU.ActiveCfg = Release|Any CPU
		{F86853AB-8827-43F9-9A84-7BB1AC8DB1CA}.Release|Any CPU.Build.0 = Release|Any CPU
		{5E562949-EDD6-406F-93D4-55C522587BD9}.Debug|Any CPU.ActiveCfg = Debug|Any CPU
		{5E562949-EDD6-406F-93D4-55C522587BD9}.Debug|Any CPU.Build.0 = Debug|Any CPU
		{5E562949-EDD6-406F-93D4-55C522587BD9}.Release|Any CPU.ActiveCfg = Release|Any CPU
		{5E562949-EDD6-406F-93D4-55C522587BD9}.Release|Any CPU.Build.0 = Release|Any CPU
	EndGlobalSection
	GlobalSection(SolutionProperties) = preSolution
		HideSolutionNode = FALSE
	EndGlobalSection
	GlobalSection(ExtensibilityGlobals) = postSolution
		SolutionGuid = {7F9793B0-7BD0-43E5-A443-6AE7884010D9}
	EndGlobalSection
EndGlobal
